// !$*UTF8*$!
{
	archiveVersion = 1;
	classes = {
	};
	objectVersion = 50;
	objects = {

/* Begin PBXBuildFile section */
		D2B0490A218DCAA5000425B7 /* AppDelegate.swift in Sources */ = {isa = PBXBuildFile; fileRef = D2B04909218DCAA5000425B7 /* AppDelegate.swift */; };
		D2B0490C218DCAA5000425B7 /* ViewController.swift in Sources */ = {isa = PBXBuildFile; fileRef = D2B0490B218DCAA5000425B7 /* ViewController.swift */; };
		D2B0490F218DCAA5000425B7 /* Main.storyboard in Resources */ = {isa = PBXBuildFile; fileRef = D2B0490D218DCAA5000425B7 /* Main.storyboard */; };
		D2B04911218DCAA7000425B7 /* Assets.xcassets in Resources */ = {isa = PBXBuildFile; fileRef = D2B04910218DCAA7000425B7 /* Assets.xcassets */; };
		D2B04914218DCAA7000425B7 /* LaunchScreen.storyboard in Resources */ = {isa = PBXBuildFile; fileRef = D2B04912218DCAA7000425B7 /* LaunchScreen.storyboard */; };
		D2B0491C218DD365000425B7 /* CustomView.swift in Sources */ = {isa = PBXBuildFile; fileRef = D2B0491B218DD365000425B7 /* CustomView.swift */; };
		D2B0491E218DE59B000425B7 /* StackViewController.swift in Sources */ = {isa = PBXBuildFile; fileRef = D2B0491D218DE59B000425B7 /* StackViewController.swift */; };
		D2B04920218E0AF2000425B7 /* ScrollViewController.swift in Sources */ = {isa = PBXBuildFile; fileRef = D2B0491F218E0AF2000425B7 /* ScrollViewController.swift */; };
		D2B04923218E1426000425B7 /* Movie.storyboard in Resources */ = {isa = PBXBuildFile; fileRef = D2B04921218E1426000425B7 /* Movie.storyboard */; };
		D2B04925218E1447000425B7 /* MoviesList.storyboard in Resources */ = {isa = PBXBuildFile; fileRef = D2B04924218E1447000425B7 /* MoviesList.storyboard */; };
		D2B04927218E15D8000425B7 /* MovieViewController.swift in Sources */ = {isa = PBXBuildFile; fileRef = D2B04926218E15D8000425B7 /* MovieViewController.swift */; };
		D2FCC271218E1E05000C33DF /* MoviesListTableViewController.swift in Sources */ = {isa = PBXBuildFile; fileRef = D2FCC270218E1E05000C33DF /* MoviesListTableViewController.swift */; };
		D2FCC274218E1E6F000C33DF /* Movie.swift in Sources */ = {isa = PBXBuildFile; fileRef = D2FCC273218E1E6F000C33DF /* Movie.swift */; };
		D2FCC276218E25BA000C33DF /* MovieTableViewCell.swift in Sources */ = {isa = PBXBuildFile; fileRef = D2FCC275218E25BA000C33DF /* MovieTableViewCell.swift */; };
		D2FCC27E218E38D8000C33DF /* RecomendationCollectionView.swift in Sources */ = {isa = PBXBuildFile; fileRef = D2FCC27D218E38D8000C33DF /* RecomendationCollectionView.swift */; };
		D2FCC280218E394B000C33DF /* RecomendationTableViewCell.swift in Sources */ = {isa = PBXBuildFile; fileRef = D2FCC27F218E394B000C33DF /* RecomendationTableViewCell.swift */; };
		D2FCC282218E3961000C33DF /* RecomendationCollectionViewCell.swift in Sources */ = {isa = PBXBuildFile; fileRef = D2FCC281218E3961000C33DF /* RecomendationCollectionViewCell.swift */; };
		D2FCC284218E41DD000C33DF /* MyTableViewCellTableViewController.swift in Sources */ = {isa = PBXBuildFile; fileRef = D2FCC283218E41DD000C33DF /* MyTableViewCellTableViewController.swift */; };
/* End PBXBuildFile section */

/* Begin PBXFileReference section */
		D2B04906218DCAA5000425B7 /* Next02.app */ = {isa = PBXFileReference; explicitFileType = wrapper.application; includeInIndex = 0; path = Next02.app; sourceTree = BUILT_PRODUCTS_DIR; };
		D2B04909218DCAA5000425B7 /* AppDelegate.swift */ = {isa = PBXFileReference; lastKnownFileType = sourcecode.swift; path = AppDelegate.swift; sourceTree = "<group>"; };
		D2B0490B218DCAA5000425B7 /* ViewController.swift */ = {isa = PBXFileReference; lastKnownFileType = sourcecode.swift; path = ViewController.swift; sourceTree = "<group>"; };
		D2B0490E218DCAA5000425B7 /* Base */ = {isa = PBXFileReference; lastKnownFileType = file.storyboard; name = Base; path = Base.lproj/Main.storyboard; sourceTree = "<group>"; };
		D2B04910218DCAA7000425B7 /* Assets.xcassets */ = {isa = PBXFileReference; lastKnownFileType = folder.assetcatalog; path = Assets.xcassets; sourceTree = "<group>"; };
		D2B04913218DCAA7000425B7 /* Base */ = {isa = PBXFileReference; lastKnownFileType = file.storyboard; name = Base; path = Base.lproj/LaunchScreen.storyboard; sourceTree = "<group>"; };
		D2B04915218DCAA7000425B7 /* Info.plist */ = {isa = PBXFileReference; lastKnownFileType = text.plist.xml; path = Info.plist; sourceTree = "<group>"; };
		D2B0491B218DD365000425B7 /* CustomView.swift */ = {isa = PBXFileReference; lastKnownFileType = sourcecode.swift; path = CustomView.swift; sourceTree = "<group>"; };
		D2B0491D218DE59B000425B7 /* StackViewController.swift */ = {isa = PBXFileReference; lastKnownFileType = sourcecode.swift; path = StackViewController.swift; sourceTree = "<group>"; };
		D2B0491F218E0AF2000425B7 /* ScrollViewController.swift */ = {isa = PBXFileReference; lastKnownFileType = sourcecode.swift; path = ScrollViewController.swift; sourceTree = "<group>"; };
		D2B04922218E1426000425B7 /* Base */ = {isa = PBXFileReference; lastKnownFileType = file.storyboard; name = Base; path = Next02/Base.lproj/Movie.storyboard; sourceTree = "<group>"; };
		D2B04924218E1447000425B7 /* MoviesList.storyboard */ = {isa = PBXFileReference; fileEncoding = 4; lastKnownFileType = file.storyboard; path = MoviesList.storyboard; sourceTree = "<group>"; };
		D2B04926218E15D8000425B7 /* MovieViewController.swift */ = {isa = PBXFileReference; lastKnownFileType = sourcecode.swift; path = MovieViewController.swift; sourceTree = "<group>"; };
		D2FCC270218E1E05000C33DF /* MoviesListTableViewController.swift */ = {isa = PBXFileReference; lastKnownFileType = sourcecode.swift; path = MoviesListTableViewController.swift; sourceTree = "<group>"; };
		D2FCC273218E1E6F000C33DF /* Movie.swift */ = {isa = PBXFileReference; lastKnownFileType = sourcecode.swift; path = Movie.swift; sourceTree = "<group>"; };
		D2FCC275218E25BA000C33DF /* MovieTableViewCell.swift */ = {isa = PBXFileReference; lastKnownFileType = sourcecode.swift; path = MovieTableViewCell.swift; sourceTree = "<group>"; };
		D2FCC27D218E38D8000C33DF /* RecomendationCollectionView.swift */ = {isa = PBXFileReference; lastKnownFileType = sourcecode.swift; path = RecomendationCollectionView.swift; sourceTree = "<group>"; };
		D2FCC27F218E394B000C33DF /* RecomendationTableViewCell.swift */ = {isa = PBXFileReference; lastKnownFileType = sourcecode.swift; path = RecomendationTableViewCell.swift; sourceTree = "<group>"; };
		D2FCC281218E3961000C33DF /* RecomendationCollectionViewCell.swift */ = {isa = PBXFileReference; lastKnownFileType = sourcecode.swift; path = RecomendationCollectionViewCell.swift; sourceTree = "<group>"; };
		D2FCC283218E41DD000C33DF /* MyTableViewCellTableViewController.swift */ = {isa = PBXFileReference; lastKnownFileType = sourcecode.swift; path = MyTableViewCellTableViewController.swift; sourceTree = "<group>"; };
/* End PBXFileReference section */

/* Begin PBXFrameworksBuildPhase section */
		D2B04903218DCAA5000425B7 /* Frameworks */ = {
			isa = PBXFrameworksBuildPhase;
			buildActionMask = 2147483647;
			files = (
			);
			runOnlyForDeploymentPostprocessing = 0;
		};
/* End PBXFrameworksBuildPhase section */

/* Begin PBXGroup section */
		D2B048FD218DCAA5000425B7 = {
			isa = PBXGroup;
			children = (
				D2B04908218DCAA5000425B7 /* Next02 */,
				D2B04907218DCAA5000425B7 /* Products */,
			);
			sourceTree = "<group>";
		};
		D2B04907218DCAA5000425B7 /* Products */ = {
			isa = PBXGroup;
			children = (
				D2B04906218DCAA5000425B7 /* Next02.app */,
			);
			name = Products;
			sourceTree = "<group>";
		};
		D2B04908218DCAA5000425B7 /* Next02 */ = {
			isa = PBXGroup;
			children = (
				D2FCC277218E35BA000C33DF /* View */,
				D2FCC272218E1E64000C33DF /* Model */,
				D2FCC26F218E1DDF000C33DF /* Controller */,
				D2B04909218DCAA5000425B7 /* AppDelegate.swift */,
				D2B04910218DCAA7000425B7 /* Assets.xcassets */,
				D2B04915218DCAA7000425B7 /* Info.plist */,
				D2B0491B218DD365000425B7 /* CustomView.swift */,
			);
			path = Next02;
			sourceTree = "<group>";
		};
		D2FCC26F218E1DDF000C33DF /* Controller */ = {
			isa = PBXGroup;
			children = (
				D2FCC283218E41DD000C33DF /* MyTableViewCellTableViewController.swift */,
				D2B0490B218DCAA5000425B7 /* ViewController.swift */,
				D2B0491D218DE59B000425B7 /* StackViewController.swift */,
				D2B0491F218E0AF2000425B7 /* ScrollViewController.swift */,
				D2B04926218E15D8000425B7 /* MovieViewController.swift */,
				D2FCC270218E1E05000C33DF /* MoviesListTableViewController.swift */,
				D2FCC27D218E38D8000C33DF /* RecomendationCollectionView.swift */,
			);
			path = Controller;
			sourceTree = "<group>";
		};
		D2FCC272218E1E64000C33DF /* Model */ = {
			isa = PBXGroup;
			children = (
				D2FCC273218E1E6F000C33DF /* Movie.swift */,
			);
			path = Model;
			sourceTree = "<group>";
		};
		D2FCC277218E35BA000C33DF /* View */ = {
			isa = PBXGroup;
			children = (
				D2FCC278218E35EE000C33DF /* Cells */,
				D2B04924218E1447000425B7 /* MoviesList.storyboard */,
				D2B04921218E1426000425B7 /* Movie.storyboard */,
				D2B0490D218DCAA5000425B7 /* Main.storyboard */,
				D2B04912218DCAA7000425B7 /* LaunchScreen.storyboard */,
			);
			path = View;
			sourceTree = "<group>";
		};
		D2FCC278218E35EE000C33DF /* Cells */ = {
			isa = PBXGroup;
			children = (
				D2FCC275218E25BA000C33DF /* MovieTableViewCell.swift */,
				D2FCC27F218E394B000C33DF /* RecomendationTableViewCell.swift */,
				D2FCC281218E3961000C33DF /* RecomendationCollectionViewCell.swift */,
			);
			path = Cells;
			sourceTree = "<group>";
		};
/* End PBXGroup section */

/* Begin PBXNativeTarget section */
		D2B04905218DCAA5000425B7 /* Next02 */ = {
			isa = PBXNativeTarget;
			buildConfigurationList = D2B04918218DCAA7000425B7 /* Build configuration list for PBXNativeTarget "Next02" */;
			buildPhases = (
				D2B04902218DCAA5000425B7 /* Sources */,
				D2B04903218DCAA5000425B7 /* Frameworks */,
				D2B04904218DCAA5000425B7 /* Resources */,
			);
			buildRules = (
			);
			dependencies = (
			);
			name = Next02;
			productName = Next02;
			productReference = D2B04906218DCAA5000425B7 /* Next02.app */;
			productType = "com.apple.product-type.application";
		};
/* End PBXNativeTarget section */

/* Begin PBXProject section */
		D2B048FE218DCAA5000425B7 /* Project object */ = {
			isa = PBXProject;
			attributes = {
				LastSwiftUpdateCheck = 1000;
				LastUpgradeCheck = 1000;
				ORGANIZATIONNAME = "Valmir Junior";
				TargetAttributes = {
					D2B04905218DCAA5000425B7 = {
						CreatedOnToolsVersion = 10.0;
					};
				};
			};
			buildConfigurationList = D2B04901218DCAA5000425B7 /* Build configuration list for PBXProject "Next02" */;
			compatibilityVersion = "Xcode 9.3";
			developmentRegion = en;
			hasScannedForEncodings = 0;
			knownRegions = (
				en,
				Base,
			);
			mainGroup = D2B048FD218DCAA5000425B7;
			productRefGroup = D2B04907218DCAA5000425B7 /* Products */;
			projectDirPath = "";
			projectRoot = "";
			targets = (
				D2B04905218DCAA5000425B7 /* Next02 */,
			);
		};
/* End PBXProject section */

/* Begin PBXResourcesBuildPhase section */
		D2B04904218DCAA5000425B7 /* Resources */ = {
			isa = PBXResourcesBuildPhase;
			buildActionMask = 2147483647;
			files = (
				D2B04914218DCAA7000425B7 /* LaunchScreen.storyboard in Resources */,
				D2B04911218DCAA7000425B7 /* Assets.xcassets in Resources */,
				D2B0490F218DCAA5000425B7 /* Main.storyboard in Resources */,
				D2B04925218E1447000425B7 /* MoviesList.storyboard in Resources */,
				D2B04923218E1426000425B7 /* Movie.storyboard in Resources */,
			);
			runOnlyForDeploymentPostprocessing = 0;
		};
/* End PBXResourcesBuildPhase section */

/* Begin PBXSourcesBuildPhase section */
		D2B04902218DCAA5000425B7 /* Sources */ = {
			isa = PBXSourcesBuildPhase;
			buildActionMask = 2147483647;
			files = (
				D2B0491C218DD365000425B7 /* CustomView.swift in Sources */,
				D2B0491E218DE59B000425B7 /* StackViewController.swift in Sources */,
				D2FCC276218E25BA000C33DF /* MovieTableViewCell.swift in Sources */,
				D2FCC282218E3961000C33DF /* RecomendationCollectionViewCell.swift in Sources */,
				D2B04920218E0AF2000425B7 /* ScrollViewController.swift in Sources */,
				D2B0490C218DCAA5000425B7 /* ViewController.swift in Sources */,
				D2B0490A218DCAA5000425B7 /* AppDelegate.swift in Sources */,
				D2FCC271218E1E05000C33DF /* MoviesListTableViewController.swift in Sources */,
				D2FCC27E218E38D8000C33DF /* RecomendationCollectionView.swift in Sources */,
				D2FCC280218E394B000C33DF /* RecomendationTableViewCell.swift in Sources */,
				D2FCC274218E1E6F000C33DF /* Movie.swift in Sources */,
				D2B04927218E15D8000425B7 /* MovieViewController.swift in Sources */,
				D2FCC284218E41DD000C33DF /* MyTableViewCellTableViewController.swift in Sources */,
			);
			runOnlyForDeploymentPostprocessing = 0;
		};
/* End PBXSourcesBuildPhase section */

/* Begin PBXVariantGroup section */
		D2B0490D218DCAA5000425B7 /* Main.storyboard */ = {
			isa = PBXVariantGroup;
			children = (
				D2B0490E218DCAA5000425B7 /* Base */,
			);
			name = Main.storyboard;
			sourceTree = "<group>";
		};
		D2B04912218DCAA7000425B7 /* LaunchScreen.storyboard */ = {
			isa = PBXVariantGroup;
			children = (
				D2B04913218DCAA7000425B7 /* Base */,
			);
			name = LaunchScreen.storyboard;
			sourceTree = "<group>";
		};
		D2B04921218E1426000425B7 /* Movie.storyboard */ = {
			isa = PBXVariantGroup;
			children = (
				D2B04922218E1426000425B7 /* Base */,
			);
			name = Movie.storyboard;
			sourceTree = "<group>";
		};
/* End PBXVariantGroup section */

/* Begin XCBuildConfiguration section */
		D2B04916218DCAA7000425B7 /* Debug */ = {
			isa = XCBuildConfiguration;
			buildSettings = {
				ALWAYS_SEARCH_USER_PATHS = NO;
				CLANG_ANALYZER_NONNULL = YES;
				CLANG_ANALYZER_NUMBER_OBJECT_CONVERSION = YES_AGGRESSIVE;
				CLANG_CXX_LANGUAGE_STANDARD = "gnu++14";
				CLANG_CXX_LIBRARY = "libc++";
				CLANG_ENABLE_MODULES = YES;
				CLANG_ENABLE_OBJC_ARC = YES;
				CLANG_ENABLE_OBJC_WEAK = YES;
				CLANG_WARN_BLOCK_CAPTURE_AUTORELEASING = YES;
				CLANG_WARN_BOOL_CONVERSION = YES;
				CLANG_WARN_COMMA = YES;
				CLANG_WARN_CONSTANT_CONVERSION = YES;
				CLANG_WARN_DEPRECATED_OBJC_IMPLEMENTATIONS = YES;
				CLANG_WARN_DIRECT_OBJC_ISA_USAGE = YES_ERROR;
				CLANG_WARN_DOCUMENTATION_COMMENTS = YES;
				CLANG_WARN_EMPTY_BODY = YES;
				CLANG_WARN_ENUM_CONVERSION = YES;
				CLANG_WARN_INFINITE_RECURSION = YES;
				CLANG_WARN_INT_CONVERSION = YES;
				CLANG_WARN_NON_LITERAL_NULL_CONVERSION = YES;
				CLANG_WARN_OBJC_IMPLICIT_RETAIN_SELF = YES;
				CLANG_WARN_OBJC_LITERAL_CONVERSION = YES;
				CLANG_WARN_OBJC_ROOT_CLASS = YES_ERROR;
				CLANG_WARN_RANGE_LOOP_ANALYSIS = YES;
				CLANG_WARN_STRICT_PROTOTYPES = YES;
				CLANG_WARN_SUSPICIOUS_MOVE = YES;
				CLANG_WARN_UNGUARDED_AVAILABILITY = YES_AGGRESSIVE;
				CLANG_WARN_UNREACHABLE_CODE = YES;
				CLANG_WARN__DUPLICATE_METHOD_MATCH = YES;
				CODE_SIGN_IDENTITY = "iPhone Developer";
				COPY_PHASE_STRIP = NO;
				DEBUG_INFORMATION_FORMAT = dwarf;
				ENABLE_STRICT_OBJC_MSGSEND = YES;
				ENABLE_TESTABILITY = YES;
				GCC_C_LANGUAGE_STANDARD = gnu11;
				GCC_DYNAMIC_NO_PIC = NO;
				GCC_NO_COMMON_BLOCKS = YES;
				GCC_OPTIMIZATION_LEVEL = 0;
				GCC_PREPROCESSOR_DEFINITIONS = (
					"DEBUG=1",
					"$(inherited)",
				);
				GCC_WARN_64_TO_32_BIT_CONVERSION = YES;
				GCC_WARN_ABOUT_RETURN_TYPE = YES_ERROR;
				GCC_WARN_UNDECLARED_SELECTOR = YES;
				GCC_WARN_UNINITIALIZED_AUTOS = YES_AGGRESSIVE;
				GCC_WARN_UNUSED_FUNCTION = YES;
				GCC_WARN_UNUSED_VARIABLE = YES;
				IPHONEOS_DEPLOYMENT_TARGET = 12.0;
				MTL_ENABLE_DEBUG_INFO = INCLUDE_SOURCE;
				MTL_FAST_MATH = YES;
				ONLY_ACTIVE_ARCH = YES;
				SDKROOT = iphoneos;
				SWIFT_ACTIVE_COMPILATION_CONDITIONS = DEBUG;
				SWIFT_OPTIMIZATION_LEVEL = "-Onone";
			};
			name = Debug;
		};
		D2B04917218DCAA7000425B7 /* Release */ = {
			isa = XCBuildConfiguration;
			buildSettings = {
				ALWAYS_SEARCH_USER_PATHS = NO;
				CLANG_ANALYZER_NONNULL = YES;
				CLANG_ANALYZER_NUMBER_OBJECT_CONVERSION = YES_AGGRESSIVE;
				CLANG_CXX_LANGUAGE_STANDARD = "gnu++14";
				CLANG_CXX_LIBRARY = "libc++";
				CLANG_ENABLE_MODULES = YES;
				CLANG_ENABLE_OBJC_ARC = YES;
				CLANG_ENABLE_OBJC_WEAK = YES;
				CLANG_WARN_BLOCK_CAPTURE_AUTORELEASING = YES;
				CLANG_WARN_BOOL_CONVERSION = YES;
				CLANG_WARN_COMMA = YES;
				CLANG_WARN_CONSTANT_CONVERSION = YES;
				CLANG_WARN_DEPRECATED_OBJC_IMPLEMENTATIONS = YES;
				CLANG_WARN_DIRECT_OBJC_ISA_USAGE = YES_ERROR;
				CLANG_WARN_DOCUMENTATION_COMMENTS = YES;
				CLANG_WARN_EMPTY_BODY = YES;
				CLANG_WARN_ENUM_CONVERSION = YES;
				CLANG_WARN_INFINITE_RECURSION = YES;
				CLANG_WARN_INT_CONVERSION = YES;
				CLANG_WARN_NON_LITERAL_NULL_CONVERSION = YES;
				CLANG_WARN_OBJC_IMPLICIT_RETAIN_SELF = YES;
				CLANG_WARN_OBJC_LITERAL_CONVERSION = YES;
				CLANG_WARN_OBJC_ROOT_CLASS = YES_ERROR;
				CLANG_WARN_RANGE_LOOP_ANALYSIS = YES;
				CLANG_WARN_STRICT_PROTOTYPES = YES;
				CLANG_WARN_SUSPICIOUS_MOVE = YES;
				CLANG_WARN_UNGUARDED_AVAILABILITY = YES_AGGRESSIVE;
				CLANG_WARN_UNREACHABLE_CODE = YES;
				CLANG_WARN__DUPLICATE_METHOD_MATCH = YES;
				CODE_SIGN_IDENTITY = "iPhone Developer";
				COPY_PHASE_STRIP = NO;
				DEBUG_INFORMATION_FORMAT = "dwarf-with-dsym";
				ENABLE_NS_ASSERTIONS = NO;
				ENABLE_STRICT_OBJC_MSGSEND = YES;
				GCC_C_LANGUAGE_STANDARD = gnu11;
				GCC_NO_COMMON_BLOCKS = YES;
				GCC_WARN_64_TO_32_BIT_CONVERSION = YES;
				GCC_WARN_ABOUT_RETURN_TYPE = YES_ERROR;
				GCC_WARN_UNDECLARED_SELECTOR = YES;
				GCC_WARN_UNINITIALIZED_AUTOS = YES_AGGRESSIVE;
				GCC_WARN_UNUSED_FUNCTION = YES;
				GCC_WARN_UNUSED_VARIABLE = YES;
				IPHONEOS_DEPLOYMENT_TARGET = 12.0;
				MTL_ENABLE_DEBUG_INFO = NO;
				MTL_FAST_MATH = YES;
				SDKROOT = iphoneos;
				SWIFT_COMPILATION_MODE = wholemodule;
				SWIFT_OPTIMIZATION_LEVEL = "-O";
				VALIDATE_PRODUCT = YES;
			};
			name = Release;
		};
		D2B04919218DCAA7000425B7 /* Debug */ = {
			isa = XCBuildConfiguration;
			buildSettings = {
				ASSETCATALOG_COMPILER_APPICON_NAME = AppIcon;
				CODE_SIGN_STYLE = Automatic;
				DEVELOPMENT_TEAM = 5W8YC8Y5Q7;
				INFOPLIST_FILE = Next02/Info.plist;
				LD_RUNPATH_SEARCH_PATHS = (
					"$(inherited)",
					"@executable_path/Frameworks",
				);
				PRODUCT_BUNDLE_IDENTIFIER = com.vrmassoni.Next02;
				PRODUCT_NAME = "$(TARGET_NAME)";
				SWIFT_VERSION = 4.2;
				TARGETED_DEVICE_FAMILY = "1,2";
			};
			name = Debug;
		};
		D2B0491A218DCAA7000425B7 /* Release */ = {
			isa = XCBuildConfiguration;
			buildSettings = {
				ASSETCATALOG_COMPILER_APPICON_NAME = AppIcon;
				CODE_SIGN_STYLE = Automatic;
				DEVELOPMENT_TEAM = 5W8YC8Y5Q7;
				INFOPLIST_FILE = Next02/Info.plist;
				LD_RUNPATH_SEARCH_PATHS = (
					"$(inherited)",
					"@executable_path/Frameworks",
				);
				PRODUCT_BUNDLE_IDENTIFIER = com.vrmassoni.Next02;
				PRODUCT_NAME = "$(TARGET_NAME)";
				SWIFT_VERSION = 4.2;
				TARGETED_DEVICE_FAMILY = "1,2";
			};
			name = Release;
		};
/* End XCBuildConfiguration section */

/* Begin XCConfigurationList section */
		D2B04901218DCAA5000425B7 /* Build configuration list for PBXProject "Next02" */ = {
			isa = XCConfigurationList;
			buildConfigurations = (
				D2B04916218DCAA7000425B7 /* Debug */,
				D2B04917218DCAA7000425B7 /* Release */,
			);
			defaultConfigurationIsVisible = 0;
			defaultConfigurationName = Release;
		};
		D2B04918218DCAA7000425B7 /* Build configuration list for PBXNativeTarget "Next02" */ = {
			isa = XCConfigurationList;
			buildConfigurations = (
				D2B04919218DCAA7000425B7 /* Debug */,
				D2B0491A218DCAA7000425B7 /* Release */,
			);
			defaultConfigurationIsVisible = 0;
			defaultConfigurationName = Release;
		};
/* End XCConfigurationList section */
	};
	rootObject = D2B048FE218DCAA5000425B7 /* Project object */;
}
